
Microsoft Visual Studio Solution File, Format Version 12.00
# Visual Studio Version 17
VisualStudioVersion = 17.0.31903.59
MinimumVisualStudioVersion = 10.0.40219.1
Project("{FAE04EC0-301F-11D3-BF4B-00C04F79EFBC}") = "TemplateValidation", "TemplateValidation\TemplateValidation.csproj", "{47FC1D1C-A938-4138-8135-74984C9019A3}"
EndProject
Global
	GlobalSection(SolutionConfigurationPlatforms) = preSolution
		Debug|Any CPU = Debug|Any CPU
		Release|Any CPU = Release|Any CPU
	EndGlobalSection
	GlobalSection(ProjectConfigurationPlatforms) = postSolution
		{47FC1D1C-A938-4138-8135-74984C9019A3}.Debug|Any CPU.ActiveCfg = Debug|Any CPU
		{47FC1D1C-A938-4138-8135-74984C9019A3}.Debug|Any CPU.Build.0 = Debug|Any CPU
		{47FC1D1C-A938-4138-8135-74984C9019A3}.Release|Any CPU.ActiveCfg = Release|Any CPU
		{47FC1D1C-A938-4138-8135-74984C9019A3}.Release|Any CPU.Build.0 = Release|Any CPU
	EndGlobalSection
	GlobalSection(SolutionProperties) = preSolution
		HideSolutionNode = FALSE
	EndGlobalSection
	GlobalSection(ExtensibilityGlobals) = postSolution
		SolutionGuid = {26459410-9D09-4541-AE49-EF883EC14525}
	EndGlobalSection
EndGlobal
